
Microsoft Visual Studio Solution File, Format Version 12.00
# Visual Studio Version 17
VisualStudioVersion = 17.0.31903.59
MinimumVisualStudioVersion = 10.0.40219.1
Project("{2150E333-8FDC-42A3-9474-1A3956D46DE8}") = "src", "src", "{827E0CD3-B72D-47B6-A68D-7590B98EB39B}"
EndProject
Project("{FAE04EC0-301F-11D3-BF4B-00C04F79EFBC}") = "WebApi", "src\WebApi\WebApi.csproj", "{5B701769-239C-4899-AA81-309F8B1E5C03}"
EndProject
Project("{FAE04EC0-301F-11D3-BF4B-00C04F79EFBC}") = "Application", "src\Application\Application.csproj", "{29E0FF06-F0BA-4785-8E92-FD3FC53B79EB}"
EndProject
Project("{FAE04EC0-301F-11D3-BF4B-00C04F79EFBC}") = "Domain", "src\Domain\Domain.csproj", "{51002B1F-E79D-4EBE-9F60-2BCF1D1862AB}"
EndProject
Project("{FAE04EC0-301F-11D3-BF4B-00C04F79EFBC}") = "Infrastructure", "src\Infrastructure\Infrastructure.csproj", "{659FA505-3EB6-4AB9-810B-28D3B44D6710}"
EndProject
Global
	GlobalSection(SolutionConfigurationPlatforms) = preSolution
		Debug|Any CPU = Debug|Any CPU
		Debug|x64 = Debug|x64
		Debug|x86 = Debug|x86
		Release|Any CPU = Release|Any CPU
		Release|x64 = Release|x64
		Release|x86 = Release|x86
	EndGlobalSection
	GlobalSection(ProjectConfigurationPlatforms) = postSolution
		{5B701769-239C-4899-AA81-309F8B1E5C03}.Debug|Any CPU.ActiveCfg = Debug|Any CPU
		{5B701769-239C-4899-AA81-309F8B1E5C03}.Debug|Any CPU.Build.0 = Debug|Any CPU
		{5B701769-239C-4899-AA81-309F8B1E5C03}.Debug|x64.ActiveCfg = Debug|Any CPU
		{5B701769-239C-4899-AA81-309F8B1E5C03}.Debug|x64.Build.0 = Debug|Any CPU
		{5B701769-239C-4899-AA81-309F8B1E5C03}.Debug|x86.ActiveCfg = Debug|Any CPU
		{5B701769-239C-4899-AA81-309F8B1E5C03}.Debug|x86.Build.0 = Debug|Any CPU
		{5B701769-239C-4899-AA81-309F8B1E5C03}.Release|Any CPU.ActiveCfg = Release|Any CPU
		{5B701769-239C-4899-AA81-309F8B1E5C03}.Release|Any CPU.Build.0 = Release|Any CPU
		{5B701769-239C-4899-AA81-309F8B1E5C03}.Release|x64.ActiveCfg = Release|Any CPU
		{5B701769-239C-4899-AA81-309F8B1E5C03}.Release|x64.Build.0 = Release|Any CPU
		{5B701769-239C-4899-AA81-309F8B1E5C03}.Release|x86.ActiveCfg = Release|Any CPU
		{5B701769-239C-4899-AA81-309F8B1E5C03}.Release|x86.Build.0 = Release|Any CPU
		{29E0FF06-F0BA-4785-8E92-FD3FC53B79EB}.Debug|Any CPU.ActiveCfg = Debug|Any CPU
		{29E0FF06-F0BA-4785-8E92-FD3FC53B79EB}.Debug|Any CPU.Build.0 = Debug|Any CPU
		{29E0FF06-F0BA-4785-8E92-FD3FC53B79EB}.Debug|x64.ActiveCfg = Debug|Any CPU
		{29E0FF06-F0BA-4785-8E92-FD3FC53B79EB}.Debug|x64.Build.0 = Debug|Any CPU
		{29E0FF06-F0BA-4785-8E92-FD3FC53B79EB}.Debug|x86.ActiveCfg = Debug|Any CPU
		{29E0FF06-F0BA-4785-8E92-FD3FC53B79EB}.Debug|x86.Build.0 = Debug|Any CPU
		{29E0FF06-F0BA-4785-8E92-FD3FC53B79EB}.Release|Any CPU.ActiveCfg = Release|Any CPU
		{29E0FF06-F0BA-4785-8E92-FD3FC53B79EB}.Release|Any CPU.Build.0 = Release|Any CPU
		{29E0FF06-F0BA-4785-8E92-FD3FC53B79EB}.Release|x64.ActiveCfg = Release|Any CPU
		{29E0FF06-F0BA-4785-8E92-FD3FC53B79EB}.Release|x64.Build.0 = Release|Any CPU
		{29E0FF06-F0BA-4785-8E92-FD3FC53B79EB}.Release|x86.ActiveCfg = Release|Any CPU
		{29E0FF06-F0BA-4785-8E92-FD3FC53B79EB}.Release|x86.Build.0 = Release|Any CPU
		{51002B1F-E79D-4EBE-9F60-2BCF1D1862AB}.Debug|Any CPU.ActiveCfg = Debug|Any CPU
		{51002B1F-E79D-4EBE-9F60-2BCF1D1862AB}.Debug|Any CPU.Build.0 = Debug|Any CPU
		{51002B1F-E79D-4EBE-9F60-2BCF1D1862AB}.Debug|x64.ActiveCfg = Debug|Any CPU
		{51002B1F-E79D-4EBE-9F60-2BCF1D1862AB}.Debug|x64.Build.0 = Debug|Any CPU
		{51002B1F-E79D-4EBE-9F60-2BCF1D1862AB}.Debug|x86.ActiveCfg = Debug|Any CPU
		{51002B1F-E79D-4EBE-9F60-2BCF1D1862AB}.Debug|x86.Build.0 = Debug|Any CPU
		{51002B1F-E79D-4EBE-9F60-2BCF1D1862AB}.Release|Any CPU.ActiveCfg = Release|Any CPU
		{51002B1F-E79D-4EBE-9F60-2BCF1D1862AB}.Release|Any CPU.Build.0 = Release|Any CPU
		{51002B1F-E79D-4EBE-9F60-2BCF1D1862AB}.Release|x64.ActiveCfg = Release|Any CPU
		{51002B1F-E79D-4EBE-9F60-2BCF1D1862AB}.Release|x64.Build.0 = Release|Any CPU
		{51002B1F-E79D-4EBE-9F60-2BCF1D1862AB}.Release|x86.ActiveCfg = Release|Any CPU
		{51002B1F-E79D-4EBE-9F60-2BCF1D1862AB}.Release|x86.Build.0 = Release|Any CPU
		{659FA505-3EB6-4AB9-810B-28D3B44D6710}.Debug|Any CPU.ActiveCfg = Debug|Any CPU
		{659FA505-3EB6-4AB9-810B-28D3B44D6710}.Debug|Any CPU.Build.0 = Debug|Any CPU
		{659FA505-3EB6-4AB9-810B-28D3B44D6710}.Debug|x64.ActiveCfg = Debug|Any CPU
		{659FA505-3EB6-4AB9-810B-28D3B44D6710}.Debug|x64.Build.0 = Debug|Any CPU
		{659FA505-3EB6-4AB9-810B-28D3B44D6710}.Debug|x86.ActiveCfg = Debug|Any CPU
		{659FA505-3EB6-4AB9-810B-28D3B44D6710}.Debug|x86.Build.0 = Debug|Any CPU
		{659FA505-3EB6-4AB9-810B-28D3B44D6710}.Release|Any CPU.ActiveCfg = Release|Any CPU
		{659FA505-3EB6-4AB9-810B-28D3B44D6710}.Release|Any CPU.Build.0 = Release|Any CPU
		{659FA505-3EB6-4AB9-810B-28D3B44D6710}.Release|x64.ActiveCfg = Release|Any CPU
		{659FA505-3EB6-4AB9-810B-28D3B44D6710}.Release|x64.Build.0 = Release|Any CPU
		{659FA505-3EB6-4AB9-810B-28D3B44D6710}.Release|x86.ActiveCfg = Release|Any CPU
		{659FA505-3EB6-4AB9-810B-28D3B44D6710}.Release|x86.Build.0 = Release|Any CPU
	EndGlobalSection
	GlobalSection(SolutionProperties) = preSolution
		HideSolutionNode = FALSE
	EndGlobalSection
	GlobalSection(NestedProjects) = preSolution
		{5B701769-239C-4899-AA81-309F8B1E5C03} = {827E0CD3-B72D-47B6-A68D-7590B98EB39B}
		{29E0FF06-F0BA-4785-8E92-FD3FC53B79EB} = {827E0CD3-B72D-47B6-A68D-7590B98EB39B}
		{51002B1F-E79D-4EBE-9F60-2BCF1D1862AB} = {827E0CD3-B72D-47B6-A68D-7590B98EB39B}
		{659FA505-3EB6-4AB9-810B-28D3B44D6710} = {827E0CD3-B72D-47B6-A68D-7590B98EB39B}
	EndGlobalSection
EndGlobal
